
Microsoft Visual Studio Solution File, Format Version 12.00
# Visual Studio 15
VisualStudioVersion = 15.0.28307.572
MinimumVisualStudioVersion = 10.0.40219.1
Project("{FAE04EC0-301F-11D3-BF4B-00C04F79EFBC}") = "Rubik01", "Rubik01\Rubik01.csproj", "{5C28E20E-5F94-468F-87F7-4EB2DD23E46B}"
EndProject
Global
	GlobalSection(SolutionConfigurationPlatforms) = preSolution
		Debug|Any CPU = Debug|Any CPU
		Release|Any CPU = Release|Any CPU
	EndGlobalSection
	GlobalSection(ProjectConfigurationPlatforms) = postSolution
		{5C28E20E-5F94-468F-87F7-4EB2DD23E46B}.Debug|Any CPU.ActiveCfg = Debug|Any CPU
		{5C28E20E-5F94-468F-87F7-4EB2DD23E46B}.Debug|Any CPU.Build.0 = Debug|Any CPU
		{5C28E20E-5F94-468F-87F7-4EB2DD23E46B}.Release|Any CPU.ActiveCfg = Release|Any CPU
		{5C28E20E-5F94-468F-87F7-4EB2DD23E46B}.Release|Any CPU.Build.0 = Release|Any CPU
	EndGlobalSection
	GlobalSection(SolutionProperties) = preSolution
		HideSolutionNode = FALSE
	EndGlobalSection
	GlobalSection(ExtensibilityGlobals) = postSolution
		SolutionGuid = {5BABFD4D-CDE4-4C02-99CB-9B97AE2B1EED}
	EndGlobalSection
EndGlobal
